// !$*UTF8*$!
{
	archiveVersion = 1;
	classes = {
	};
	objectVersion = 56;
	objects = {

/* Begin PBXBuildFile section */
		5C5E99662C0B1D2700083388 /* AstroPicDayApp.swift in Sources */ = {isa = PBXBuildFile; fileRef = 5C5E99652C0B1D2700083388 /* AstroPicDayApp.swift */; };
		5C5E99682C0B1D2700083388 /* ContentView.swift in Sources */ = {isa = PBXBuildFile; fileRef = 5C5E99672C0B1D2700083388 /* ContentView.swift */; };
		5C5E996A2C0B1D2800083388 /* Assets.xcassets in Resources */ = {isa = PBXBuildFile; fileRef = 5C5E99692C0B1D2800083388 /* Assets.xcassets */; };
		5C5E996D2C0B1D2800083388 /* Preview Assets.xcassets in Resources */ = {isa = PBXBuildFile; fileRef = 5C5E996C2C0B1D2800083388 /* Preview Assets.xcassets */; };
		5C5E99772C0B1D2800083388 /* AstroPicDayTests.swift in Sources */ = {isa = PBXBuildFile; fileRef = 5C5E99762C0B1D2800083388 /* AstroPicDayTests.swift */; };
		5C5E99812C0B1D2800083388 /* AstroPicDayUITests.swift in Sources */ = {isa = PBXBuildFile; fileRef = 5C5E99802C0B1D2800083388 /* AstroPicDayUITests.swift */; };
		5C5E99832C0B1D2800083388 /* AstroPicDayUITestsLaunchTests.swift in Sources */ = {isa = PBXBuildFile; fileRef = 5C5E99822C0B1D2800083388 /* AstroPicDayUITestsLaunchTests.swift */; };
		5C917BBF2C0B3D9E000D54CF /* PictureList in Frameworks */ = {isa = PBXBuildFile; productRef = 5C917BBE2C0B3D9E000D54CF /* PictureList */; };
/* End PBXBuildFile section */

/* Begin PBXContainerItemProxy section */
		5C5E99732C0B1D2800083388 /* PBXContainerItemProxy */ = {
			isa = PBXContainerItemProxy;
			containerPortal = 5C5E995A2C0B1D2700083388 /* Project object */;
			proxyType = 1;
			remoteGlobalIDString = 5C5E99612C0B1D2700083388;
			remoteInfo = AstroPicDay;
		};
		5C5E997D2C0B1D2800083388 /* PBXContainerItemProxy */ = {
			isa = PBXContainerItemProxy;
			containerPortal = 5C5E995A2C0B1D2700083388 /* Project object */;
			proxyType = 1;
			remoteGlobalIDString = 5C5E99612C0B1D2700083388;
			remoteInfo = AstroPicDay;
		};
/* End PBXContainerItemProxy section */

/* Begin PBXFileReference section */
		5C487F2A2C0CC86C00D3ECE3 /* Tests.xctestplan */ = {isa = PBXFileReference; lastKnownFileType = text; name = Tests.xctestplan; path = AstroPicDayTests/Tests.xctestplan; sourceTree = "<group>"; };
		5C5E99622C0B1D2700083388 /* AstroPicDay.app */ = {isa = PBXFileReference; explicitFileType = wrapper.application; includeInIndex = 0; path = AstroPicDay.app; sourceTree = BUILT_PRODUCTS_DIR; };
		5C5E99652C0B1D2700083388 /* AstroPicDayApp.swift */ = {isa = PBXFileReference; lastKnownFileType = sourcecode.swift; path = AstroPicDayApp.swift; sourceTree = "<group>"; };
		5C5E99672C0B1D2700083388 /* ContentView.swift */ = {isa = PBXFileReference; lastKnownFileType = sourcecode.swift; path = ContentView.swift; sourceTree = "<group>"; };
		5C5E99692C0B1D2800083388 /* Assets.xcassets */ = {isa = PBXFileReference; lastKnownFileType = folder.assetcatalog; path = Assets.xcassets; sourceTree = "<group>"; };
		5C5E996C2C0B1D2800083388 /* Preview Assets.xcassets */ = {isa = PBXFileReference; lastKnownFileType = folder.assetcatalog; path = "Preview Assets.xcassets"; sourceTree = "<group>"; };
		5C5E99722C0B1D2800083388 /* AstroPicDayTests.xctest */ = {isa = PBXFileReference; explicitFileType = wrapper.cfbundle; includeInIndex = 0; path = AstroPicDayTests.xctest; sourceTree = BUILT_PRODUCTS_DIR; };
		5C5E99762C0B1D2800083388 /* AstroPicDayTests.swift */ = {isa = PBXFileReference; lastKnownFileType = sourcecode.swift; path = AstroPicDayTests.swift; sourceTree = "<group>"; };
		5C5E997C2C0B1D2800083388 /* AstroPicDayUITests.xctest */ = {isa = PBXFileReference; explicitFileType = wrapper.cfbundle; includeInIndex = 0; path = AstroPicDayUITests.xctest; sourceTree = BUILT_PRODUCTS_DIR; };
		5C5E99802C0B1D2800083388 /* AstroPicDayUITests.swift */ = {isa = PBXFileReference; lastKnownFileType = sourcecode.swift; path = AstroPicDayUITests.swift; sourceTree = "<group>"; };
		5C5E99822C0B1D2800083388 /* AstroPicDayUITestsLaunchTests.swift */ = {isa = PBXFileReference; lastKnownFileType = sourcecode.swift; path = AstroPicDayUITestsLaunchTests.swift; sourceTree = "<group>"; };
		5C5E99B72C0B320400083388 /* Utils */ = {isa = PBXFileReference; lastKnownFileType = wrapper; path = Utils; sourceTree = "<group>"; };
		5C5E99B82C0B343000083388 /* PictureList */ = {isa = PBXFileReference; lastKnownFileType = wrapper; path = PictureList; sourceTree = "<group>"; };
/* End PBXFileReference section */

/* Begin PBXFrameworksBuildPhase section */
		5C5E995F2C0B1D2700083388 /* Frameworks */ = {
			isa = PBXFrameworksBuildPhase;
			buildActionMask = 2147483647;
			files = (
				5C917BBF2C0B3D9E000D54CF /* PictureList in Frameworks */,
			);
			runOnlyForDeploymentPostprocessing = 0;
		};
		5C5E996F2C0B1D2800083388 /* Frameworks */ = {
			isa = PBXFrameworksBuildPhase;
			buildActionMask = 2147483647;
			files = (
			);
			runOnlyForDeploymentPostprocessing = 0;
		};
		5C5E99792C0B1D2800083388 /* Frameworks */ = {
			isa = PBXFrameworksBuildPhase;
			buildActionMask = 2147483647;
			files = (
			);
			runOnlyForDeploymentPostprocessing = 0;
		};
/* End PBXFrameworksBuildPhase section */

/* Begin PBXGroup section */
		5C5E99592C0B1D2700083388 = {
			isa = PBXGroup;
			children = (
				5C487F2A2C0CC86C00D3ECE3 /* Tests.xctestplan */,
				5C5E99B82C0B343000083388 /* PictureList */,
				5C5E99B72C0B320400083388 /* Utils */,
				5C5E99642C0B1D2700083388 /* AstroPicDay */,
				5C5E99752C0B1D2800083388 /* AstroPicDayTests */,
				5C5E997F2C0B1D2800083388 /* AstroPicDayUITests */,
				5C5E99632C0B1D2700083388 /* Products */,
				5C917BBD2C0B3D9E000D54CF /* Frameworks */,
			);
			sourceTree = "<group>";
		};
		5C5E99632C0B1D2700083388 /* Products */ = {
			isa = PBXGroup;
			children = (
				5C5E99622C0B1D2700083388 /* AstroPicDay.app */,
				5C5E99722C0B1D2800083388 /* AstroPicDayTests.xctest */,
				5C5E997C2C0B1D2800083388 /* AstroPicDayUITests.xctest */,
			);
			name = Products;
			sourceTree = "<group>";
		};
		5C5E99642C0B1D2700083388 /* AstroPicDay */ = {
			isa = PBXGroup;
			children = (
				5C5E99652C0B1D2700083388 /* AstroPicDayApp.swift */,
				5C5E99672C0B1D2700083388 /* ContentView.swift */,
				5C5E99692C0B1D2800083388 /* Assets.xcassets */,
				5C5E996B2C0B1D2800083388 /* Preview Content */,
			);
			path = AstroPicDay;
			sourceTree = "<group>";
		};
		5C5E996B2C0B1D2800083388 /* Preview Content */ = {
			isa = PBXGroup;
			children = (
				5C5E996C2C0B1D2800083388 /* Preview Assets.xcassets */,
			);
			path = "Preview Content";
			sourceTree = "<group>";
		};
		5C5E99752C0B1D2800083388 /* AstroPicDayTests */ = {
			isa = PBXGroup;
			children = (
				5C5E99762C0B1D2800083388 /* AstroPicDayTests.swift */,
			);
			path = AstroPicDayTests;
			sourceTree = "<group>";
		};
		5C5E997F2C0B1D2800083388 /* AstroPicDayUITests */ = {
			isa = PBXGroup;
			children = (
				5C5E99802C0B1D2800083388 /* AstroPicDayUITests.swift */,
				5C5E99822C0B1D2800083388 /* AstroPicDayUITestsLaunchTests.swift */,
			);
			path = AstroPicDayUITests;
			sourceTree = "<group>";
		};
		5C917BBD2C0B3D9E000D54CF /* Frameworks */ = {
			isa = PBXGroup;
			children = (
			);
			name = Frameworks;
			sourceTree = "<group>";
		};
/* End PBXGroup section */

/* Begin PBXNativeTarget section */
		5C5E99612C0B1D2700083388 /* AstroPicDay */ = {
			isa = PBXNativeTarget;
			buildConfigurationList = 5C5E99862C0B1D2800083388 /* Build configuration list for PBXNativeTarget "AstroPicDay" */;
			buildPhases = (
				5C5E995E2C0B1D2700083388 /* Sources */,
				5C5E995F2C0B1D2700083388 /* Frameworks */,
				5C5E99602C0B1D2700083388 /* Resources */,
			);
			buildRules = (
			);
			dependencies = (
			);
			name = AstroPicDay;
			packageProductDependencies = (
				5C917BBE2C0B3D9E000D54CF /* PictureList */,
			);
			productName = AstroPicDay;
			productReference = 5C5E99622C0B1D2700083388 /* AstroPicDay.app */;
			productType = "com.apple.product-type.application";
		};
		5C5E99712C0B1D2800083388 /* AstroPicDayTests */ = {
			isa = PBXNativeTarget;
			buildConfigurationList = 5C5E99892C0B1D2800083388 /* Build configuration list for PBXNativeTarget "AstroPicDayTests" */;
			buildPhases = (
				5C5E996E2C0B1D2800083388 /* Sources */,
				5C5E996F2C0B1D2800083388 /* Frameworks */,
				5C5E99702C0B1D2800083388 /* Resources */,
			);
			buildRules = (
			);
			dependencies = (
				5C5E99742C0B1D2800083388 /* PBXTargetDependency */,
			);
			name = AstroPicDayTests;
			productName = AstroPicDayTests;
			productReference = 5C5E99722C0B1D2800083388 /* AstroPicDayTests.xctest */;
			productType = "com.apple.product-type.bundle.unit-test";
		};
		5C5E997B2C0B1D2800083388 /* AstroPicDayUITests */ = {
			isa = PBXNativeTarget;
			buildConfigurationList = 5C5E998C2C0B1D2800083388 /* Build configuration list for PBXNativeTarget "AstroPicDayUITests" */;
			buildPhases = (
				5C5E99782C0B1D2800083388 /* Sources */,
				5C5E99792C0B1D2800083388 /* Frameworks */,
				5C5E997A2C0B1D2800083388 /* Resources */,
			);
			buildRules = (
			);
			dependencies = (
				5C5E997E2C0B1D2800083388 /* PBXTargetDependency */,
			);
			name = AstroPicDayUITests;
			productName = AstroPicDayUITests;
			productReference = 5C5E997C2C0B1D2800083388 /* AstroPicDayUITests.xctest */;
			productType = "com.apple.product-type.bundle.ui-testing";
		};
/* End PBXNativeTarget section */

/* Begin PBXProject section */
		5C5E995A2C0B1D2700083388 /* Project object */ = {
			isa = PBXProject;
			attributes = {
				BuildIndependentTargetsInParallel = 1;
				LastSwiftUpdateCheck = 1510;
				LastUpgradeCheck = 1510;
				TargetAttributes = {
					5C5E99612C0B1D2700083388 = {
						CreatedOnToolsVersion = 15.1;
					};
					5C5E99712C0B1D2800083388 = {
						CreatedOnToolsVersion = 15.1;
						TestTargetID = 5C5E99612C0B1D2700083388;
					};
					5C5E997B2C0B1D2800083388 = {
						CreatedOnToolsVersion = 15.1;
						TestTargetID = 5C5E99612C0B1D2700083388;
					};
				};
			};
			buildConfigurationList = 5C5E995D2C0B1D2700083388 /* Build configuration list for PBXProject "AstroPicDay" */;
			compatibilityVersion = "Xcode 14.0";
			developmentRegion = en;
			hasScannedForEncodings = 0;
			knownRegions = (
				en,
				Base,
			);
			mainGroup = 5C5E99592C0B1D2700083388;
			productRefGroup = 5C5E99632C0B1D2700083388 /* Products */;
			projectDirPath = "";
			projectRoot = "";
			targets = (
				5C5E99612C0B1D2700083388 /* AstroPicDay */,
				5C5E99712C0B1D2800083388 /* AstroPicDayTests */,
				5C5E997B2C0B1D2800083388 /* AstroPicDayUITests */,
			);
		};
/* End PBXProject section */

/* Begin PBXResourcesBuildPhase section */
		5C5E99602C0B1D2700083388 /* Resources */ = {
			isa = PBXResourcesBuildPhase;
			buildActionMask = 2147483647;
			files = (
				5C5E996D2C0B1D2800083388 /* Preview Assets.xcassets in Resources */,
				5C5E996A2C0B1D2800083388 /* Assets.xcassets in Resources */,
			);
			runOnlyForDeploymentPostprocessing = 0;
		};
		5C5E99702C0B1D2800083388 /* Resources */ = {
			isa = PBXResourcesBuildPhase;
			buildActionMask = 2147483647;
			files = (
			);
			runOnlyForDeploymentPostprocessing = 0;
		};
		5C5E997A2C0B1D2800083388 /* Resources */ = {
			isa = PBXResourcesBuildPhase;
			buildActionMask = 2147483647;
			files = (
			);
			runOnlyForDeploymentPostprocessing = 0;
		};
/* End PBXResourcesBuildPhase section */

/* Begin PBXSourcesBuildPhase section */
		5C5E995E2C0B1D2700083388 /* Sources */ = {
			isa = PBXSourcesBuildPhase;
			buildActionMask = 2147483647;
			files = (
				5C5E99682C0B1D2700083388 /* ContentView.swift in Sources */,
				5C5E99662C0B1D2700083388 /* AstroPicDayApp.swift in Sources */,
			);
			runOnlyForDeploymentPostprocessing = 0;
		};
		5C5E996E2C0B1D2800083388 /* Sources */ = {
			isa = PBXSourcesBuildPhase;
			buildActionMask = 2147483647;
			files = (
				5C5E99772C0B1D2800083388 /* AstroPicDayTests.swift in Sources */,
			);
			runOnlyForDeploymentPostprocessing = 0;
		};
		5C5E99782C0B1D2800083388 /* Sources */ = {
			isa = PBXSourcesBuildPhase;
			buildActionMask = 2147483647;
			files = (
				5C5E99832C0B1D2800083388 /* AstroPicDayUITestsLaunchTests.swift in Sources */,
				5C5E99812C0B1D2800083388 /* AstroPicDayUITests.swift in Sources */,
			);
			runOnlyForDeploymentPostprocessing = 0;
		};
/* End PBXSourcesBuildPhase section */

/* Begin PBXTargetDependency section */
		5C5E99742C0B1D2800083388 /* PBXTargetDependency */ = {
			isa = PBXTargetDependency;
			target = 5C5E99612C0B1D2700083388 /* AstroPicDay */;
			targetProxy = 5C5E99732C0B1D2800083388 /* PBXContainerItemProxy */;
		};
		5C5E997E2C0B1D2800083388 /* PBXTargetDependency */ = {
			isa = PBXTargetDependency;
			target = 5C5E99612C0B1D2700083388 /* AstroPicDay */;
			targetProxy = 5C5E997D2C0B1D2800083388 /* PBXContainerItemProxy */;
		};
/* End PBXTargetDependency section */

/* Begin XCBuildConfiguration section */
		5C5E99842C0B1D2800083388 /* Debug */ = {
			isa = XCBuildConfiguration;
			buildSettings = {
				ALWAYS_SEARCH_USER_PATHS = NO;
				ASSETCATALOG_COMPILER_GENERATE_SWIFT_ASSET_SYMBOL_EXTENSIONS = YES;
				CLANG_ANALYZER_NONNULL = YES;
				CLANG_ANALYZER_NUMBER_OBJECT_CONVERSION = YES_AGGRESSIVE;
				CLANG_CXX_LANGUAGE_STANDARD = "gnu++20";
				CLANG_ENABLE_MODULES = YES;
				CLANG_ENABLE_OBJC_ARC = YES;
				CLANG_ENABLE_OBJC_WEAK = YES;
				CLANG_WARN_BLOCK_CAPTURE_AUTORELEASING = YES;
				CLANG_WARN_BOOL_CONVERSION = YES;
				CLANG_WARN_COMMA = YES;
				CLANG_WARN_CONSTANT_CONVERSION = YES;
				CLANG_WARN_DEPRECATED_OBJC_IMPLEMENTATIONS = YES;
				CLANG_WARN_DIRECT_OBJC_ISA_USAGE = YES_ERROR;
				CLANG_WARN_DOCUMENTATION_COMMENTS = YES;
				CLANG_WARN_EMPTY_BODY = YES;
				CLANG_WARN_ENUM_CONVERSION = YES;
				CLANG_WARN_INFINITE_RECURSION = YES;
				CLANG_WARN_INT_CONVERSION = YES;
				CLANG_WARN_NON_LITERAL_NULL_CONVERSION = YES;
				CLANG_WARN_OBJC_IMPLICIT_RETAIN_SELF = YES;
				CLANG_WARN_OBJC_LITERAL_CONVERSION = YES;
				CLANG_WARN_OBJC_ROOT_CLASS = YES_ERROR;
				CLANG_WARN_QUOTED_INCLUDE_IN_FRAMEWORK_HEADER = YES;
				CLANG_WARN_RANGE_LOOP_ANALYSIS = YES;
				CLANG_WARN_STRICT_PROTOTYPES = YES;
				CLANG_WARN_SUSPICIOUS_MOVE = YES;
				CLANG_WARN_UNGUARDED_AVAILABILITY = YES_AGGRESSIVE;
				CLANG_WARN_UNREACHABLE_CODE = YES;
				CLANG_WARN__DUPLICATE_METHOD_MATCH = YES;
				COPY_PHASE_STRIP = NO;
				DEBUG_INFORMATION_FORMAT = dwarf;
				ENABLE_STRICT_OBJC_MSGSEND = YES;
				ENABLE_TESTABILITY = YES;
				ENABLE_USER_SCRIPT_SANDBOXING = YES;
				GCC_C_LANGUAGE_STANDARD = gnu17;
				GCC_DYNAMIC_NO_PIC = NO;
				GCC_NO_COMMON_BLOCKS = YES;
				GCC_OPTIMIZATION_LEVEL = 0;
				GCC_PREPROCESSOR_DEFINITIONS = (
					"DEBUG=1",
					"$(inherited)",
				);
				GCC_WARN_64_TO_32_BIT_CONVERSION = YES;
				GCC_WARN_ABOUT_RETURN_TYPE = YES_ERROR;
				GCC_WARN_UNDECLARED_SELECTOR = YES;
				GCC_WARN_UNINITIALIZED_AUTOS = YES_AGGRESSIVE;
				GCC_WARN_UNUSED_FUNCTION = YES;
				GCC_WARN_UNUSED_VARIABLE = YES;
				IPHONEOS_DEPLOYMENT_TARGET = 17.2;
				LOCALIZATION_PREFERS_STRING_CATALOGS = YES;
				MTL_ENABLE_DEBUG_INFO = INCLUDE_SOURCE;
				MTL_FAST_MATH = YES;
				ONLY_ACTIVE_ARCH = YES;
				SDKROOT = iphoneos;
				SWIFT_ACTIVE_COMPILATION_CONDITIONS = "DEBUG $(inherited)";
				SWIFT_OPTIMIZATION_LEVEL = "-Onone";
			};
			name = Debug;
		};
		5C5E99852C0B1D2800083388 /* Release */ = {
			isa = XCBuildConfiguration;
			buildSettings = {
				ALWAYS_SEARCH_USER_PATHS = NO;
				ASSETCATALOG_COMPILER_GENERATE_SWIFT_ASSET_SYMBOL_EXTENSIONS = YES;
				CLANG_ANALYZER_NONNULL = YES;
				CLANG_ANALYZER_NUMBER_OBJECT_CONVERSION = YES_AGGRESSIVE;
				CLANG_CXX_LANGUAGE_STANDARD = "gnu++20";
				CLANG_ENABLE_MODULES = YES;
				CLANG_ENABLE_OBJC_ARC = YES;
				CLANG_ENABLE_OBJC_WEAK = YES;
				CLANG_WARN_BLOCK_CAPTURE_AUTORELEASING = YES;
				CLANG_WARN_BOOL_CONVERSION = YES;
				CLANG_WARN_COMMA = YES;
				CLANG_WARN_CONSTANT_CONVERSION = YES;
				CLANG_WARN_DEPRECATED_OBJC_IMPLEMENTATIONS = YES;
				CLANG_WARN_DIRECT_OBJC_ISA_USAGE = YES_ERROR;
				CLANG_WARN_DOCUMENTATION_COMMENTS = YES;
				CLANG_WARN_EMPTY_BODY = YES;
				CLANG_WARN_ENUM_CONVERSION = YES;
				CLANG_WARN_INFINITE_RECURSION = YES;
				CLANG_WARN_INT_CONVERSION = YES;
				CLANG_WARN_NON_LITERAL_NULL_CONVERSION = YES;
				CLANG_WARN_OBJC_IMPLICIT_RETAIN_SELF = YES;
				CLANG_WARN_OBJC_LITERAL_CONVERSION = YES;
				CLANG_WARN_OBJC_ROOT_CLASS = YES_ERROR;
				CLANG_WARN_QUOTED_INCLUDE_IN_FRAMEWORK_HEADER = YES;
				CLANG_WARN_RANGE_LOOP_ANALYSIS = YES;
				CLANG_WARN_STRICT_PROTOTYPES = YES;
				CLANG_WARN_SUSPICIOUS_MOVE = YES;
				CLANG_WARN_UNGUARDED_AVAILABILITY = YES_AGGRESSIVE;
				CLANG_WARN_UNREACHABLE_CODE = YES;
				CLANG_WARN__DUPLICATE_METHOD_MATCH = YES;
				COPY_PHASE_STRIP = NO;
				DEBUG_INFORMATION_FORMAT = "dwarf-with-dsym";
				ENABLE_NS_ASSERTIONS = NO;
				ENABLE_STRICT_OBJC_MSGSEND = YES;
				ENABLE_USER_SCRIPT_SANDBOXING = YES;
				GCC_C_LANGUAGE_STANDARD = gnu17;
				GCC_NO_COMMON_BLOCKS = YES;
				GCC_WARN_64_TO_32_BIT_CONVERSION = YES;
				GCC_WARN_ABOUT_RETURN_TYPE = YES_ERROR;
				GCC_WARN_UNDECLARED_SELECTOR = YES;
				GCC_WARN_UNINITIALIZED_AUTOS = YES_AGGRESSIVE;
				GCC_WARN_UNUSED_FUNCTION = YES;
				GCC_WARN_UNUSED_VARIABLE = YES;
				IPHONEOS_DEPLOYMENT_TARGET = 17.2;
				LOCALIZATION_PREFERS_STRING_CATALOGS = YES;
				MTL_ENABLE_DEBUG_INFO = NO;
				MTL_FAST_MATH = YES;
				SDKROOT = iphoneos;
				SWIFT_COMPILATION_MODE = wholemodule;
				VALIDATE_PRODUCT = YES;
			};
			name = Release;
		};
		5C5E99872C0B1D2800083388 /* Debug */ = {
			isa = XCBuildConfiguration;
			buildSettings = {
				ASSETCATALOG_COMPILER_APPICON_NAME = AppIcon;
				ASSETCATALOG_COMPILER_GLOBAL_ACCENT_COLOR_NAME = AccentColor;
				CODE_SIGN_STYLE = Automatic;
				CURRENT_PROJECT_VERSION = 1;
				DEVELOPMENT_ASSET_PATHS = "\"AstroPicDay/Preview Content\"";
				DEVELOPMENT_TEAM = GF3293RMU9;
				ENABLE_PREVIEWS = YES;
				GENERATE_INFOPLIST_FILE = YES;
				INFOPLIST_KEY_UIApplicationSceneManifest_Generation = YES;
				INFOPLIST_KEY_UIApplicationSupportsIndirectInputEvents = YES;
				INFOPLIST_KEY_UILaunchScreen_Generation = YES;
				INFOPLIST_KEY_UISupportedInterfaceOrientations_iPad = "UIInterfaceOrientationPortrait UIInterfaceOrientationPortraitUpsideDown UIInterfaceOrientationLandscapeLeft UIInterfaceOrientationLandscapeRight";
				INFOPLIST_KEY_UISupportedInterfaceOrientations_iPhone = "UIInterfaceOrientationPortrait UIInterfaceOrientationLandscapeLeft UIInterfaceOrientationLandscapeRight";
				LD_RUNPATH_SEARCH_PATHS = (
					"$(inherited)",
					"@executable_path/Frameworks",
				);
				MARKETING_VERSION = 1.0;
				PRODUCT_BUNDLE_IDENTIFIER = m.AstroPicDay;
				PRODUCT_NAME = "$(TARGET_NAME)";
				SWIFT_EMIT_LOC_STRINGS = YES;
				SWIFT_VERSION = 5.0;
				TARGETED_DEVICE_FAMILY = "1,2";
			};
			name = Debug;
		};
		5C5E99882C0B1D2800083388 /* Release */ = {
			isa = XCBuildConfiguration;
			buildSettings = {
				ASSETCATALOG_COMPILER_APPICON_NAME = AppIcon;
				ASSETCATALOG_COMPILER_GLOBAL_ACCENT_COLOR_NAME = AccentColor;
				CODE_SIGN_STYLE = Automatic;
				CURRENT_PROJECT_VERSION = 1;
				DEVELOPMENT_ASSET_PATHS = "\"AstroPicDay/Preview Content\"";
				DEVELOPMENT_TEAM = GF3293RMU9;
				ENABLE_PREVIEWS = YES;
				GENERATE_INFOPLIST_FILE = YES;
				INFOPLIST_KEY_UIApplicationSceneManifest_Generation = YES;
				INFOPLIST_KEY_UIApplicationSupportsIndirectInputEvents = YES;
				INFOPLIST_KEY_UILaunchScreen_Generation = YES;
				INFOPLIST_KEY_UISupportedInterfaceOrientations_iPad = "UIInterfaceOrientationPortrait UIInterfaceOrientationPortraitUpsideDown UIInterfaceOrientationLandscapeLeft UIInterfaceOrientationLandscapeRight";
				INFOPLIST_KEY_UISupportedInterfaceOrientations_iPhone = "UIInterfaceOrientationPortrait UIInterfaceOrientationLandscapeLeft UIInterfaceOrientationLandscapeRight";
				LD_RUNPATH_SEARCH_PATHS = (
					"$(inherited)",
					"@executable_path/Frameworks",
				);
				MARKETING_VERSION = 1.0;
				PRODUCT_BUNDLE_IDENTIFIER = m.AstroPicDay;
				PRODUCT_NAME = "$(TARGET_NAME)";
				SWIFT_EMIT_LOC_STRINGS = YES;
				SWIFT_VERSION = 5.0;
				TARGETED_DEVICE_FAMILY = "1,2";
			};
			name = Release;
		};
		5C5E998A2C0B1D2800083388 /* Debug */ = {
			isa = XCBuildConfiguration;
			buildSettings = {
				ALWAYS_EMBED_SWIFT_STANDARD_LIBRARIES = YES;
				BUNDLE_LOADER = "$(TEST_HOST)";
				CODE_SIGN_STYLE = Automatic;
				CURRENT_PROJECT_VERSION = 1;
				DEVELOPMENT_TEAM = GF3293RMU9;
				GENERATE_INFOPLIST_FILE = YES;
				IPHONEOS_DEPLOYMENT_TARGET = 17.2;
				MARKETING_VERSION = 1.0;
				PRODUCT_BUNDLE_IDENTIFIER = m.AstroPicDayTests;
				PRODUCT_NAME = "$(TARGET_NAME)";
				SWIFT_EMIT_LOC_STRINGS = NO;
				SWIFT_VERSION = 5.0;
				TARGETED_DEVICE_FAMILY = "1,2";
				TEST_HOST = "$(BUILT_PRODUCTS_DIR)/AstroPicDay.app/$(BUNDLE_EXECUTABLE_FOLDER_PATH)/AstroPicDay";
			};
			name = Debug;
		};
		5C5E998B2C0B1D2800083388 /* Release */ = {
			isa = XCBuildConfiguration;
			buildSettings = {
				ALWAYS_EMBED_SWIFT_STANDARD_LIBRARIES = YES;
				BUNDLE_LOADER = "$(TEST_HOST)";
				CODE_SIGN_STYLE = Automatic;
				CURRENT_PROJECT_VERSION = 1;
				DEVELOPMENT_TEAM = GF3293RMU9;
				GENERATE_INFOPLIST_FILE = YES;
				IPHONEOS_DEPLOYMENT_TARGET = 17.2;
				MARKETING_VERSION = 1.0;
				PRODUCT_BUNDLE_IDENTIFIER = m.AstroPicDayTests;
				PRODUCT_NAME = "$(TARGET_NAME)";
				SWIFT_EMIT_LOC_STRINGS = NO;
				SWIFT_VERSION = 5.0;
				TARGETED_DEVICE_FAMILY = "1,2";
				TEST_HOST = "$(BUILT_PRODUCTS_DIR)/AstroPicDay.app/$(BUNDLE_EXECUTABLE_FOLDER_PATH)/AstroPicDay";
			};
			name = Release;
		};
		5C5E998D2C0B1D2800083388 /* Debug */ = {
			isa = XCBuildConfiguration;
			buildSettings = {
				ALWAYS_EMBED_SWIFT_STANDARD_LIBRARIES = YES;
				CODE_SIGN_STYLE = Automatic;
				CURRENT_PROJECT_VERSION = 1;
				DEVELOPMENT_TEAM = GF3293RMU9;
				GENERATE_INFOPLIST_FILE = YES;
				MARKETING_VERSION = 1.0;
				PRODUCT_BUNDLE_IDENTIFIER = m.AstroPicDayUITests;
				PRODUCT_NAME = "$(TARGET_NAME)";
				SWIFT_EMIT_LOC_STRINGS = NO;
				SWIFT_VERSION = 5.0;
				TARGETED_DEVICE_FAMILY = "1,2";
				TEST_TARGET_NAME = AstroPicDay;
			};
			name = Debug;
		};
		5C5E998E2C0B1D2800083388 /* Release */ = {
			isa = XCBuildConfiguration;
			buildSettings = {
				ALWAYS_EMBED_SWIFT_STANDARD_LIBRARIES = YES;
				CODE_SIGN_STYLE = Automatic;
				CURRENT_PROJECT_VERSION = 1;
				DEVELOPMENT_TEAM = GF3293RMU9;
				GENERATE_INFOPLIST_FILE = YES;
				MARKETING_VERSION = 1.0;
				PRODUCT_BUNDLE_IDENTIFIER = m.AstroPicDayUITests;
				PRODUCT_NAME = "$(TARGET_NAME)";
				SWIFT_EMIT_LOC_STRINGS = NO;
				SWIFT_VERSION = 5.0;
				TARGETED_DEVICE_FAMILY = "1,2";
				TEST_TARGET_NAME = AstroPicDay;
			};
			name = Release;
		};
/* End XCBuildConfiguration section */

/* Begin XCConfigurationList section */
		5C5E995D2C0B1D2700083388 /* Build configuration list for PBXProject "AstroPicDay" */ = {
			isa = XCConfigurationList;
			buildConfigurations = (
				5C5E99842C0B1D2800083388 /* Debug */,
				5C5E99852C0B1D2800083388 /* Release */,
			);
			defaultConfigurationIsVisible = 0;
			defaultConfigurationName = Release;
		};
		5C5E99862C0B1D2800083388 /* Build configuration list for PBXNativeTarget "AstroPicDay" */ = {
			isa = XCConfigurationList;
			buildConfigurations = (
				5C5E99872C0B1D2800083388 /* Debug */,
				5C5E99882C0B1D2800083388 /* Release */,
			);
			defaultConfigurationIsVisible = 0;
			defaultConfigurationName = Release;
		};
		5C5E99892C0B1D2800083388 /* Build configuration list for PBXNativeTarget "AstroPicDayTests" */ = {
			isa = XCConfigurationList;
			buildConfigurations = (
				5C5E998A2C0B1D2800083388 /* Debug */,
				5C5E998B2C0B1D2800083388 /* Release */,
			);
			defaultConfigurationIsVisible = 0;
			defaultConfigurationName = Release;
		};
		5C5E998C2C0B1D2800083388 /* Build configuration list for PBXNativeTarget "AstroPicDayUITests" */ = {
			isa = XCConfigurationList;
			buildConfigurations = (
				5C5E998D2C0B1D2800083388 /* Debug */,
				5C5E998E2C0B1D2800083388 /* Release */,
			);
			defaultConfigurationIsVisible = 0;
			defaultConfigurationName = Release;
		};
/* End XCConfigurationList section */

/* Begin XCSwiftPackageProductDependency section */
		5C917BBE2C0B3D9E000D54CF /* PictureList */ = {
			isa = XCSwiftPackageProductDependency;
			productName = PictureList;
		};
/* End XCSwiftPackageProductDependency section */
	};
	rootObject = 5C5E995A2C0B1D2700083388 /* Project object */;
}
